
Microsoft Visual Studio Solution File, Format Version 12.00
# Visual Studio 15
VisualStudioVersion = 15.0.28307.329
MinimumVisualStudioVersion = 10.0.40219.1
Project("{8BC9CEB8-8B4A-11D0-8D11-00A0C91BC942}") = "AI_Assignment", "AI_Assignment\AI_Assignment.vcxproj", "{54E53397-224A-4B33-B37C-7F77ADDCEFA8}"
EndProject
Global
	GlobalSection(SolutionConfigurationPlatforms) = preSolution
		Debug|x64 = Debug|x64
		Debug|x86 = Debug|x86
		Release|x64 = Release|x64
		Release|x86 = Release|x86
	EndGlobalSection
	GlobalSection(ProjectConfigurationPlatforms) = postSolution
		{54E53397-224A-4B33-B37C-7F77ADDCEFA8}.Debug|x64.ActiveCfg = Debug|x64
		{54E53397-224A-4B33-B37C-7F77ADDCEFA8}.Debug|x64.Build.0 = Debug|x64
		{54E53397-224A-4B33-B37C-7F77ADDCEFA8}.Debug|x86.ActiveCfg = Debug|Win32
		{54E53397-224A-4B33-B37C-7F77ADDCEFA8}.Debug|x86.Build.0 = Debug|Win32
		{54E53397-224A-4B33-B37C-7F77ADDCEFA8}.Release|x64.ActiveCfg = Release|x64
		{54E53397-224A-4B33-B37C-7F77ADDCEFA8}.Release|x64.Build.0 = Release|x64
		{54E53397-224A-4B33-B37C-7F77ADDCEFA8}.Release|x86.ActiveCfg = Release|Win32
		{54E53397-224A-4B33-B37C-7F77ADDCEFA8}.Release|x86.Build.0 = Release|Win32
	EndGlobalSection
	GlobalSection(SolutionProperties) = preSolution
		HideSolutionNode = FALSE
	EndGlobalSection
	GlobalSection(ExtensibilityGlobals) = postSolution
		SolutionGuid = {3C8E7E53-362E-45B2-A9F3-2993FBDDBAD2}
	EndGlobalSection
EndGlobal
